// !$*UTF8*$!
{
	archiveVersion = 1;
	classes = {
	};
	objectVersion = 46;
	objects = {

/* Begin PBXBuildFile section */
		52A3F88535AC1CD3D1138ED7 /* Pods_BlissIOSTest.framework in Frameworks */ = {isa = PBXBuildFile; fileRef = 0584AC86351CD4CC92BC1B28 /* Pods_BlissIOSTest.framework */; };
		8B3703CA21C424370049E00E /* Question.swift in Sources */ = {isa = PBXBuildFile; fileRef = 8B3703C921C424370049E00E /* Question.swift */; };
		8B3703CC21C4245D0049E00E /* EntityProtocol.swift in Sources */ = {isa = PBXBuildFile; fileRef = 8B3703CB21C4245D0049E00E /* EntityProtocol.swift */; };
		8B3703CE21C425630049E00E /* Choice.swift in Sources */ = {isa = PBXBuildFile; fileRef = 8B3703CD21C425630049E00E /* Choice.swift */; };
		8B3703D021C4282E0049E00E /* BasicViewController.swift in Sources */ = {isa = PBXBuildFile; fileRef = 8B3703CF21C4282E0049E00E /* BasicViewController.swift */; };
		8B3703D221C4318A0049E00E /* ServerHealthManagerProtocol.swift in Sources */ = {isa = PBXBuildFile; fileRef = 8B3703D121C4318A0049E00E /* ServerHealthManagerProtocol.swift */; };
		8B3703D421C431F80049E00E /* HttpResponse.swift in Sources */ = {isa = PBXBuildFile; fileRef = 8B3703D321C431F80049E00E /* HttpResponse.swift */; };
		8B392B8B21C4638D00890616 /* Localizable.strings in Resources */ = {isa = PBXBuildFile; fileRef = 8B392B8A21C4638D00890616 /* Localizable.strings */; };
		8B392B8D21C4656700890616 /* QuestionManagerProtocol.swift in Sources */ = {isa = PBXBuildFile; fileRef = 8B392B8C21C4656700890616 /* QuestionManagerProtocol.swift */; };
		8B392B8F21C466DF00890616 /* QuestionHttpServiceProtocol.swift in Sources */ = {isa = PBXBuildFile; fileRef = 8B392B8E21C466DF00890616 /* QuestionHttpServiceProtocol.swift */; };
		8B392B9221C4672F00890616 /* QuestionManager.swift in Sources */ = {isa = PBXBuildFile; fileRef = 8B392B9121C4672F00890616 /* QuestionManager.swift */; };
		8B392B9421C467CD00890616 /* QuestionHttpService.swift in Sources */ = {isa = PBXBuildFile; fileRef = 8B392B9321C467CD00890616 /* QuestionHttpService.swift */; };
		8B392B9721C468C800890616 /* Url.swift in Sources */ = {isa = PBXBuildFile; fileRef = 8B392B9621C468C800890616 /* Url.swift */; };
		8B392B9B21C46AE400890616 /* QuestionListViewController.swift in Sources */ = {isa = PBXBuildFile; fileRef = 8B392B9A21C46AE400890616 /* QuestionListViewController.swift */; };
		8B4B5EBA21C32095004C162D /* AppDelegate.swift in Sources */ = {isa = PBXBuildFile; fileRef = 8B4B5EB921C32095004C162D /* AppDelegate.swift */; };
		8B4B5EC121C32095004C162D /* Assets.xcassets in Resources */ = {isa = PBXBuildFile; fileRef = 8B4B5EC021C32095004C162D /* Assets.xcassets */; };
		8B4B5EC421C32095004C162D /* LaunchScreen.storyboard in Resources */ = {isa = PBXBuildFile; fileRef = 8B4B5EC221C32095004C162D /* LaunchScreen.storyboard */; };
		8B885A6D21C4824600323F19 /* ShareViewController.swift in Sources */ = {isa = PBXBuildFile; fileRef = 8B885A6C21C4824600323F19 /* ShareViewController.swift */; };
		8B885A6F21C48A9B00323F19 /* String.swift in Sources */ = {isa = PBXBuildFile; fileRef = 8B885A6E21C48A9B00323F19 /* String.swift */; };
		8B885A7221C49A6900323F19 /* ChoiceTableViewCell.swift in Sources */ = {isa = PBXBuildFile; fileRef = 8B885A7021C49A6900323F19 /* ChoiceTableViewCell.swift */; };
		8B885A7321C49A6900323F19 /* ChoiceTableViewCell.xib in Resources */ = {isa = PBXBuildFile; fileRef = 8B885A7121C49A6900323F19 /* ChoiceTableViewCell.xib */; };
		8B885A7521C49CDD00323F19 /* DetailViewController.swift in Sources */ = {isa = PBXBuildFile; fileRef = 8B885A7421C49CDD00323F19 /* DetailViewController.swift */; };
		8B885A7721C49E0B00323F19 /* UIImageView.swift in Sources */ = {isa = PBXBuildFile; fileRef = 8B885A7621C49E0B00323F19 /* UIImageView.swift */; };
		8B885A7921C4B45400323F19 /* NoConnectionViewController.swift in Sources */ = {isa = PBXBuildFile; fileRef = 8B885A7821C4B45400323F19 /* NoConnectionViewController.swift */; };
		8BA92D9521C457B40053FA27 /* StyleKit.swift in Sources */ = {isa = PBXBuildFile; fileRef = 8BA92D9421C457B40053FA27 /* StyleKit.swift */; };
		8BD9EC7221C43A7A00C40D1B /* AlamofireHttpService.swift in Sources */ = {isa = PBXBuildFile; fileRef = 8BD9EC7121C43A7A00C40D1B /* AlamofireHttpService.swift */; };
		8BD9EC7421C43AAC00C40D1B /* HttpServiceProtocol.swift in Sources */ = {isa = PBXBuildFile; fileRef = 8BD9EC7321C43AAC00C40D1B /* HttpServiceProtocol.swift */; };
		8BD9EC7621C4418B00C40D1B /* ServerHealthHttpServiceProtocol.swift in Sources */ = {isa = PBXBuildFile; fileRef = 8BD9EC7521C4418B00C40D1B /* ServerHealthHttpServiceProtocol.swift */; };
		8BD9EC7921C441F900C40D1B /* ServerHealthHttpService.swift in Sources */ = {isa = PBXBuildFile; fileRef = 8BD9EC7821C441F900C40D1B /* ServerHealthHttpService.swift */; };
		8BD9EC7B21C4420800C40D1B /* ServerHealthManager.swift in Sources */ = {isa = PBXBuildFile; fileRef = 8BD9EC7A21C4420800C40D1B /* ServerHealthManager.swift */; };
		8BD9EC7E21C442A500C40D1B /* Config.swift in Sources */ = {isa = PBXBuildFile; fileRef = 8BD9EC7D21C442A500C40D1B /* Config.swift */; };
		8BD9EC8021C4470800C40D1B /* Main.storyboard in Resources */ = {isa = PBXBuildFile; fileRef = 8BD9EC7F21C4470800C40D1B /* Main.storyboard */; };
		8BD9EC8221C4475F00C40D1B /* MainViewController.swift in Sources */ = {isa = PBXBuildFile; fileRef = 8BD9EC8121C4475F00C40D1B /* MainViewController.swift */; };
		8BD9EC8421C455AA00C40D1B /* Question.storyboard in Resources */ = {isa = PBXBuildFile; fileRef = 8BD9EC8321C455AA00C40D1B /* Question.storyboard */; };
		8BD9EC8821C45A0D00C40D1B /* ListTableViewCell.swift in Sources */ = {isa = PBXBuildFile; fileRef = 8BD9EC8621C45A0D00C40D1B /* ListTableViewCell.swift */; };
		8BD9EC8921C45A0D00C40D1B /* ListTableViewCell.xib in Resources */ = {isa = PBXBuildFile; fileRef = 8BD9EC8721C45A0D00C40D1B /* ListTableViewCell.xib */; };
/* End PBXBuildFile section */

/* Begin PBXFileReference section */
		0584AC86351CD4CC92BC1B28 /* Pods_BlissIOSTest.framework */ = {isa = PBXFileReference; explicitFileType = wrapper.framework; includeInIndex = 0; path = Pods_BlissIOSTest.framework; sourceTree = BUILT_PRODUCTS_DIR; };
		31E7C5D7CC8EA0D7B2BA2029 /* Pods-BlissIOSTest.release.xcconfig */ = {isa = PBXFileReference; includeInIndex = 1; lastKnownFileType = text.xcconfig; name = "Pods-BlissIOSTest.release.xcconfig"; path = "Target Support Files/Pods-BlissIOSTest/Pods-BlissIOSTest.release.xcconfig"; sourceTree = "<group>"; };
		8B3703C921C424370049E00E /* Question.swift */ = {isa = PBXFileReference; fileEncoding = 4; lastKnownFileType = sourcecode.swift; path = Question.swift; sourceTree = "<group>"; };
		8B3703CB21C4245D0049E00E /* EntityProtocol.swift */ = {isa = PBXFileReference; fileEncoding = 4; lastKnownFileType = sourcecode.swift; path = EntityProtocol.swift; sourceTree = "<group>"; };
		8B3703CD21C425630049E00E /* Choice.swift */ = {isa = PBXFileReference; fileEncoding = 4; lastKnownFileType = sourcecode.swift; path = Choice.swift; sourceTree = "<group>"; };
		8B3703CF21C4282E0049E00E /* BasicViewController.swift */ = {isa = PBXFileReference; fileEncoding = 4; lastKnownFileType = sourcecode.swift; path = BasicViewController.swift; sourceTree = "<group>"; };
		8B3703D121C4318A0049E00E /* ServerHealthManagerProtocol.swift */ = {isa = PBXFileReference; fileEncoding = 4; lastKnownFileType = sourcecode.swift; path = ServerHealthManagerProtocol.swift; sourceTree = "<group>"; };
		8B3703D321C431F80049E00E /* HttpResponse.swift */ = {isa = PBXFileReference; fileEncoding = 4; lastKnownFileType = sourcecode.swift; path = HttpResponse.swift; sourceTree = "<group>"; };
		8B392B8A21C4638D00890616 /* Localizable.strings */ = {isa = PBXFileReference; fileEncoding = 4; lastKnownFileType = text.plist.strings; path = Localizable.strings; sourceTree = "<group>"; };
		8B392B8C21C4656700890616 /* QuestionManagerProtocol.swift */ = {isa = PBXFileReference; fileEncoding = 4; lastKnownFileType = sourcecode.swift; path = QuestionManagerProtocol.swift; sourceTree = "<group>"; };
		8B392B8E21C466DF00890616 /* QuestionHttpServiceProtocol.swift */ = {isa = PBXFileReference; fileEncoding = 4; lastKnownFileType = sourcecode.swift; path = QuestionHttpServiceProtocol.swift; sourceTree = "<group>"; };
		8B392B9121C4672F00890616 /* QuestionManager.swift */ = {isa = PBXFileReference; fileEncoding = 4; lastKnownFileType = sourcecode.swift; path = QuestionManager.swift; sourceTree = "<group>"; };
		8B392B9321C467CD00890616 /* QuestionHttpService.swift */ = {isa = PBXFileReference; fileEncoding = 4; lastKnownFileType = sourcecode.swift; path = QuestionHttpService.swift; sourceTree = "<group>"; };
		8B392B9621C468C800890616 /* Url.swift */ = {isa = PBXFileReference; fileEncoding = 4; lastKnownFileType = sourcecode.swift; path = Url.swift; sourceTree = "<group>"; };
		8B392B9A21C46AE400890616 /* QuestionListViewController.swift */ = {isa = PBXFileReference; fileEncoding = 4; lastKnownFileType = sourcecode.swift; name = QuestionListViewController.swift; path = Controllers/Question/QuestionListViewController.swift; sourceTree = "<group>"; };
		8B4B5EB621C32095004C162D /* BlissIOSTest.app */ = {isa = PBXFileReference; explicitFileType = wrapper.application; includeInIndex = 0; path = BlissIOSTest.app; sourceTree = BUILT_PRODUCTS_DIR; };
		8B4B5EB921C32095004C162D /* AppDelegate.swift */ = {isa = PBXFileReference; lastKnownFileType = sourcecode.swift; path = AppDelegate.swift; sourceTree = "<group>"; };
		8B4B5EC021C32095004C162D /* Assets.xcassets */ = {isa = PBXFileReference; lastKnownFileType = folder.assetcatalog; path = Assets.xcassets; sourceTree = "<group>"; };
		8B4B5EC321C32095004C162D /* Base */ = {isa = PBXFileReference; lastKnownFileType = file.storyboard; name = Base; path = Base.lproj/LaunchScreen.storyboard; sourceTree = "<group>"; };
		8B4B5EC521C32095004C162D /* Info.plist */ = {isa = PBXFileReference; lastKnownFileType = text.plist.xml; path = Info.plist; sourceTree = "<group>"; };
		8B885A6C21C4824600323F19 /* ShareViewController.swift */ = {isa = PBXFileReference; fileEncoding = 4; lastKnownFileType = sourcecode.swift; name = ShareViewController.swift; path = Controllers/Question/ShareViewController.swift; sourceTree = "<group>"; };
		8B885A6E21C48A9B00323F19 /* String.swift */ = {isa = PBXFileReference; fileEncoding = 4; lastKnownFileType = sourcecode.swift; path = String.swift; sourceTree = "<group>"; };
		8B885A7021C49A6900323F19 /* ChoiceTableViewCell.swift */ = {isa = PBXFileReference; fileEncoding = 4; lastKnownFileType = sourcecode.swift; path = ChoiceTableViewCell.swift; sourceTree = "<group>"; };
		8B885A7121C49A6900323F19 /* ChoiceTableViewCell.xib */ = {isa = PBXFileReference; fileEncoding = 4; lastKnownFileType = file.xib; path = ChoiceTableViewCell.xib; sourceTree = "<group>"; };
		8B885A7421C49CDD00323F19 /* DetailViewController.swift */ = {isa = PBXFileReference; fileEncoding = 4; lastKnownFileType = sourcecode.swift; name = DetailViewController.swift; path = Controllers/Question/DetailViewController.swift; sourceTree = "<group>"; };
		8B885A7621C49E0B00323F19 /* UIImageView.swift */ = {isa = PBXFileReference; fileEncoding = 4; lastKnownFileType = sourcecode.swift; path = UIImageView.swift; sourceTree = "<group>"; };
		8B885A7821C4B45400323F19 /* NoConnectionViewController.swift */ = {isa = PBXFileReference; fileEncoding = 4; lastKnownFileType = sourcecode.swift; path = NoConnectionViewController.swift; sourceTree = "<group>"; };
		8BA92D9421C457B40053FA27 /* StyleKit.swift */ = {isa = PBXFileReference; lastKnownFileType = sourcecode.swift; path = StyleKit.swift; sourceTree = "<group>"; };
		8BD9EC7121C43A7A00C40D1B /* AlamofireHttpService.swift */ = {isa = PBXFileReference; fileEncoding = 4; lastKnownFileType = sourcecode.swift; path = AlamofireHttpService.swift; sourceTree = "<group>"; };
		8BD9EC7321C43AAC00C40D1B /* HttpServiceProtocol.swift */ = {isa = PBXFileReference; fileEncoding = 4; lastKnownFileType = sourcecode.swift; path = HttpServiceProtocol.swift; sourceTree = "<group>"; };
		8BD9EC7521C4418B00C40D1B /* ServerHealthHttpServiceProtocol.swift */ = {isa = PBXFileReference; fileEncoding = 4; lastKnownFileType = sourcecode.swift; path = ServerHealthHttpServiceProtocol.swift; sourceTree = "<group>"; };
		8BD9EC7821C441F900C40D1B /* ServerHealthHttpService.swift */ = {isa = PBXFileReference; fileEncoding = 4; lastKnownFileType = sourcecode.swift; path = ServerHealthHttpService.swift; sourceTree = "<group>"; };
		8BD9EC7A21C4420800C40D1B /* ServerHealthManager.swift */ = {isa = PBXFileReference; fileEncoding = 4; lastKnownFileType = sourcecode.swift; path = ServerHealthManager.swift; sourceTree = "<group>"; };
		8BD9EC7D21C442A500C40D1B /* Config.swift */ = {isa = PBXFileReference; fileEncoding = 4; lastKnownFileType = sourcecode.swift; path = Config.swift; sourceTree = "<group>"; };
		8BD9EC7F21C4470800C40D1B /* Main.storyboard */ = {isa = PBXFileReference; fileEncoding = 4; lastKnownFileType = file.storyboard; path = Main.storyboard; sourceTree = "<group>"; };
		8BD9EC8121C4475F00C40D1B /* MainViewController.swift */ = {isa = PBXFileReference; fileEncoding = 4; lastKnownFileType = sourcecode.swift; name = MainViewController.swift; path = ../../MainViewController.swift; sourceTree = "<group>"; };
		8BD9EC8321C455AA00C40D1B /* Question.storyboard */ = {isa = PBXFileReference; fileEncoding = 4; lastKnownFileType = file.storyboard; path = Question.storyboard; sourceTree = "<group>"; };
		8BD9EC8621C45A0D00C40D1B /* ListTableViewCell.swift */ = {isa = PBXFileReference; fileEncoding = 4; lastKnownFileType = sourcecode.swift; path = ListTableViewCell.swift; sourceTree = "<group>"; };
		8BD9EC8721C45A0D00C40D1B /* ListTableViewCell.xib */ = {isa = PBXFileReference; fileEncoding = 4; lastKnownFileType = file.xib; path = ListTableViewCell.xib; sourceTree = "<group>"; };
		B91B54E204B0E8D1B769F3F2 /* Pods-BlissIOSTest.debug.xcconfig */ = {isa = PBXFileReference; includeInIndex = 1; lastKnownFileType = text.xcconfig; name = "Pods-BlissIOSTest.debug.xcconfig"; path = "Target Support Files/Pods-BlissIOSTest/Pods-BlissIOSTest.debug.xcconfig"; sourceTree = "<group>"; };
/* End PBXFileReference section */

/* Begin PBXFrameworksBuildPhase section */
		8B4B5EB321C32095004C162D /* Frameworks */ = {
			isa = PBXFrameworksBuildPhase;
			buildActionMask = 2147483647;
			files = (
				52A3F88535AC1CD3D1138ED7 /* Pods_BlissIOSTest.framework in Frameworks */,
			);
			runOnlyForDeploymentPostprocessing = 0;
		};
/* End PBXFrameworksBuildPhase section */

/* Begin PBXGroup section */
		75505B4722FDE1560A270610 /* Frameworks */ = {
			isa = PBXGroup;
			children = (
				0584AC86351CD4CC92BC1B28 /* Pods_BlissIOSTest.framework */,
			);
			name = Frameworks;
			sourceTree = "<group>";
		};
		8B3703BD21C3DDF50049E00E /* Domain */ = {
			isa = PBXGroup;
			children = (
				8B3703C221C3DE320049E00E /* Entity */,
				8B3703C421C3DE450049E00E /* Http */,
				8B3703C321C3DE3B0049E00E /* Manager */,
				8B3703C521C3DE510049E00E /* ViewController */,
			);
			path = Domain;
			sourceTree = "<group>";
		};
		8B3703BE21C3DE030049E00E /* App */ = {
			isa = PBXGroup;
			children = (
				8B392B9021C4670700890616 /* Question */,
				8BD9EC7721C441A400C40D1B /* ServerHealth */,
			);
			path = App;
			sourceTree = "<group>";
		};
		8B3703BF21C3DE0D0049E00E /* UI */ = {
			isa = PBXGroup;
			children = (
				8B3703C821C3F0CB0049E00E /* Cells */,
				8B3703C721C3F0BF0049E00E /* Storyboards */,
				8B3703C621C3F0AC0049E00E /* Controllers */,
			);
			path = UI;
			sourceTree = "<group>";
		};
		8B3703C021C3DE130049E00E /* Services */ = {
			isa = PBXGroup;
			children = (
				8BD9EC7121C43A7A00C40D1B /* AlamofireHttpService.swift */,
			);
			path = Services;
			sourceTree = "<group>";
		};
		8B3703C121C3DE1B0049E00E /* Helpers */ = {
			isa = PBXGroup;
			children = (
				8B392B9521C468AD00890616 /* Extensions */,
				8BD9EC7C21C4427D00C40D1B /* Config */,
				8BA92D9421C457B40053FA27 /* StyleKit.swift */,
			);
			path = Helpers;
			sourceTree = "<group>";
		};
		8B3703C221C3DE320049E00E /* Entity */ = {
			isa = PBXGroup;
			children = (
				8B3703C921C424370049E00E /* Question.swift */,
				8B3703CB21C4245D0049E00E /* EntityProtocol.swift */,
				8B3703CD21C425630049E00E /* Choice.swift */,
			);
			path = Entity;
			sourceTree = "<group>";
		};
		8B3703C321C3DE3B0049E00E /* Manager */ = {
			isa = PBXGroup;
			children = (
				8B3703D121C4318A0049E00E /* ServerHealthManagerProtocol.swift */,
				8B392B8C21C4656700890616 /* QuestionManagerProtocol.swift */,
			);
			path = Manager;
			sourceTree = "<group>";
		};
		8B3703C421C3DE450049E00E /* Http */ = {
			isa = PBXGroup;
			children = (
				8B3703D321C431F80049E00E /* HttpResponse.swift */,
				8BD9EC7321C43AAC00C40D1B /* HttpServiceProtocol.swift */,
				8BD9EC7521C4418B00C40D1B /* ServerHealthHttpServiceProtocol.swift */,
				8B392B8E21C466DF00890616 /* QuestionHttpServiceProtocol.swift */,
			);
			name = Http;
			path = HttpService;
			sourceTree = "<group>";
		};
		8B3703C521C3DE510049E00E /* ViewController */ = {
			isa = PBXGroup;
			children = (
				8B3703CF21C4282E0049E00E /* BasicViewController.swift */,
			);
			path = ViewController;
			sourceTree = "<group>";
		};
		8B3703C621C3F0AC0049E00E /* Controllers */ = {
			isa = PBXGroup;
			children = (
				8B392B9921C46AB500890616 /* Question */,
				8B392B9821C46A9900890616 /* Main */,
			);
			name = Controllers;
			sourceTree = "<group>";
		};
		8B3703C721C3F0BF0049E00E /* Storyboards */ = {
			isa = PBXGroup;
			children = (
				8BD9EC7F21C4470800C40D1B /* Main.storyboard */,
				8BD9EC8321C455AA00C40D1B /* Question.storyboard */,
			);
			path = Storyboards;
			sourceTree = "<group>";
		};
		8B3703C821C3F0CB0049E00E /* Cells */ = {
			isa = PBXGroup;
			children = (
				8B392B8921C4610500890616 /* ChoiceTableViewCell */,
				8BD9EC8521C459DA00C40D1B /* ListTableViewCell */,
			);
			path = Cells;
			sourceTree = "<group>";
		};
		8B392B8921C4610500890616 /* ChoiceTableViewCell */ = {
			isa = PBXGroup;
			children = (
				8B885A7021C49A6900323F19 /* ChoiceTableViewCell.swift */,
				8B885A7121C49A6900323F19 /* ChoiceTableViewCell.xib */,
			);
			path = ChoiceTableViewCell;
			sourceTree = "<group>";
		};
		8B392B9021C4670700890616 /* Question */ = {
			isa = PBXGroup;
			children = (
				8B392B9121C4672F00890616 /* QuestionManager.swift */,
				8B392B9321C467CD00890616 /* QuestionHttpService.swift */,
			);
			name = Question;
			sourceTree = "<group>";
		};
		8B392B9521C468AD00890616 /* Extensions */ = {
			isa = PBXGroup;
			children = (
				8B392B9621C468C800890616 /* Url.swift */,
				8B885A6E21C48A9B00323F19 /* String.swift */,
				8B885A7621C49E0B00323F19 /* UIImageView.swift */,
			);
			path = Extensions;
			sourceTree = "<group>";
		};
		8B392B9821C46A9900890616 /* Main */ = {
			isa = PBXGroup;
			children = (
				8BD9EC8121C4475F00C40D1B /* MainViewController.swift */,
				8B885A7821C4B45400323F19 /* NoConnectionViewController.swift */,
			);
			name = Main;
			path = Controllers/Main;
			sourceTree = "<group>";
		};
		8B392B9921C46AB500890616 /* Question */ = {
			isa = PBXGroup;
			children = (
				8B392B9A21C46AE400890616 /* QuestionListViewController.swift */,
				8B885A6C21C4824600323F19 /* ShareViewController.swift */,
				8B885A7421C49CDD00323F19 /* DetailViewController.swift */,
			);
			name = Question;
			sourceTree = "<group>";
		};
		8B4B5EAD21C32094004C162D = {
			isa = PBXGroup;
			children = (
				8B4B5EB821C32095004C162D /* BlissIOSTest */,
				8B4B5EB721C32095004C162D /* Products */,
				E4CB6C2481BFE4B6F55E233A /* Pods */,
				75505B4722FDE1560A270610 /* Frameworks */,
			);
			sourceTree = "<group>";
		};
		8B4B5EB721C32095004C162D /* Products */ = {
			isa = PBXGroup;
			children = (
				8B4B5EB621C32095004C162D /* BlissIOSTest.app */,
			);
			name = Products;
			sourceTree = "<group>";
		};
		8B4B5EB821C32095004C162D /* BlissIOSTest */ = {
			isa = PBXGroup;
			children = (
				8B3703BE21C3DE030049E00E /* App */,
				8B3703BD21C3DDF50049E00E /* Domain */,
				8B3703C121C3DE1B0049E00E /* Helpers */,
				8B3703C021C3DE130049E00E /* Services */,
				8B3703BF21C3DE0D0049E00E /* UI */,
				8B4B5EB921C32095004C162D /* AppDelegate.swift */,
				8B4B5EC521C32095004C162D /* Info.plist */,
				8B4B5EC221C32095004C162D /* LaunchScreen.storyboard */,
				8B4B5EC021C32095004C162D /* Assets.xcassets */,
				8B392B8A21C4638D00890616 /* Localizable.strings */,
			);
			path = BlissIOSTest;
			sourceTree = "<group>";
		};
		8BD9EC7721C441A400C40D1B /* ServerHealth */ = {
			isa = PBXGroup;
			children = (
				8BD9EC7821C441F900C40D1B /* ServerHealthHttpService.swift */,
				8BD9EC7A21C4420800C40D1B /* ServerHealthManager.swift */,
			);
			path = ServerHealth;
			sourceTree = "<group>";
		};
		8BD9EC7C21C4427D00C40D1B /* Config */ = {
			isa = PBXGroup;
			children = (
				8BD9EC7D21C442A500C40D1B /* Config.swift */,
			);
			path = Config;
			sourceTree = "<group>";
		};
		8BD9EC8521C459DA00C40D1B /* ListTableViewCell */ = {
			isa = PBXGroup;
			children = (
				8BD9EC8621C45A0D00C40D1B /* ListTableViewCell.swift */,
				8BD9EC8721C45A0D00C40D1B /* ListTableViewCell.xib */,
			);
			path = ListTableViewCell;
			sourceTree = "<group>";
		};
		E4CB6C2481BFE4B6F55E233A /* Pods */ = {
			isa = PBXGroup;
			children = (
				B91B54E204B0E8D1B769F3F2 /* Pods-BlissIOSTest.debug.xcconfig */,
				31E7C5D7CC8EA0D7B2BA2029 /* Pods-BlissIOSTest.release.xcconfig */,
			);
			path = Pods;
			sourceTree = "<group>";
		};
/* End PBXGroup section */

/* Begin PBXNativeTarget section */
		8B4B5EB521C32095004C162D /* BlissIOSTest */ = {
			isa = PBXNativeTarget;
			buildConfigurationList = 8B4B5EC821C32095004C162D /* Build configuration list for PBXNativeTarget "BlissIOSTest" */;
			buildPhases = (
				747B73276EEE1B35E222A05C /* [CP] Check Pods Manifest.lock */,
				8B4B5EB221C32095004C162D /* Sources */,
				8B4B5EB321C32095004C162D /* Frameworks */,
				8B4B5EB421C32095004C162D /* Resources */,
				6543C76631C2DD92942798E6 /* [CP] Embed Pods Frameworks */,
			);
			buildRules = (
			);
			dependencies = (
			);
			name = BlissIOSTest;
			productName = BlissIOSTest;
			productReference = 8B4B5EB621C32095004C162D /* BlissIOSTest.app */;
			productType = "com.apple.product-type.application";
		};
/* End PBXNativeTarget section */

/* Begin PBXProject section */
		8B4B5EAE21C32094004C162D /* Project object */ = {
			isa = PBXProject;
			attributes = {
				LastSwiftUpdateCheck = 0830;
				LastUpgradeCheck = 0830;
				ORGANIZATIONNAME = "Jorge Andrade";
				TargetAttributes = {
					8B4B5EB521C32095004C162D = {
						CreatedOnToolsVersion = 8.3.3;
						DevelopmentTeam = ACAL9X82J5;
						ProvisioningStyle = Automatic;
					};
				};
			};
			buildConfigurationList = 8B4B5EB121C32094004C162D /* Build configuration list for PBXProject "BlissIOSTest" */;
			compatibilityVersion = "Xcode 3.2";
			developmentRegion = English;
			hasScannedForEncodings = 0;
			knownRegions = (
				en,
				Base,
			);
			mainGroup = 8B4B5EAD21C32094004C162D;
			productRefGroup = 8B4B5EB721C32095004C162D /* Products */;
			projectDirPath = "";
			projectRoot = "";
			targets = (
				8B4B5EB521C32095004C162D /* BlissIOSTest */,
			);
		};
/* End PBXProject section */

/* Begin PBXResourcesBuildPhase section */
		8B4B5EB421C32095004C162D /* Resources */ = {
			isa = PBXResourcesBuildPhase;
			buildActionMask = 2147483647;
			files = (
				8BD9EC8021C4470800C40D1B /* Main.storyboard in Resources */,
				8B4B5EC421C32095004C162D /* LaunchScreen.storyboard in Resources */,
				8BD9EC8421C455AA00C40D1B /* Question.storyboard in Resources */,
				8B392B8B21C4638D00890616 /* Localizable.strings in Resources */,
				8B4B5EC121C32095004C162D /* Assets.xcassets in Resources */,
				8BD9EC8921C45A0D00C40D1B /* ListTableViewCell.xib in Resources */,
				8B885A7321C49A6900323F19 /* ChoiceTableViewCell.xib in Resources */,
			);
			runOnlyForDeploymentPostprocessing = 0;
		};
/* End PBXResourcesBuildPhase section */

/* Begin PBXShellScriptBuildPhase section */
		6543C76631C2DD92942798E6 /* [CP] Embed Pods Frameworks */ = {
			isa = PBXShellScriptBuildPhase;
			buildActionMask = 2147483647;
			files = (
			);
			inputPaths = (
				"${PODS_ROOT}/Target Support Files/Pods-BlissIOSTest/Pods-BlissIOSTest-frameworks.sh",
				"${BUILT_PRODUCTS_DIR}/Alamofire/Alamofire.framework",
				"${BUILT_PRODUCTS_DIR}/AlamofireImage/AlamofireImage.framework",
				"${BUILT_PRODUCTS_DIR}/MBProgressHUD/MBProgressHUD.framework",
				"${BUILT_PRODUCTS_DIR}/ReachabilitySwift/ReachabilitySwift.framework",
				"${BUILT_PRODUCTS_DIR}/SwiftyJSON/SwiftyJSON.framework",
			);
			name = "[CP] Embed Pods Frameworks";
			outputPaths = (
				"${TARGET_BUILD_DIR}/${FRAMEWORKS_FOLDER_PATH}/Alamofire.framework",
				"${TARGET_BUILD_DIR}/${FRAMEWORKS_FOLDER_PATH}/AlamofireImage.framework",
				"${TARGET_BUILD_DIR}/${FRAMEWORKS_FOLDER_PATH}/MBProgressHUD.framework",
				"${TARGET_BUILD_DIR}/${FRAMEWORKS_FOLDER_PATH}/ReachabilitySwift.framework",
				"${TARGET_BUILD_DIR}/${FRAMEWORKS_FOLDER_PATH}/SwiftyJSON.framework",
			);
			runOnlyForDeploymentPostprocessing = 0;
			shellPath = /bin/sh;
			shellScript = "\"${PODS_ROOT}/Target Support Files/Pods-BlissIOSTest/Pods-BlissIOSTest-frameworks.sh\"\n";
			showEnvVarsInLog = 0;
		};
		747B73276EEE1B35E222A05C /* [CP] Check Pods Manifest.lock */ = {
			isa = PBXShellScriptBuildPhase;
			buildActionMask = 2147483647;
			files = (
			);
			inputPaths = (
				"${PODS_PODFILE_DIR_PATH}/Podfile.lock",
				"${PODS_ROOT}/Manifest.lock",
			);
			name = "[CP] Check Pods Manifest.lock";
			outputPaths = (
				"$(DERIVED_FILE_DIR)/Pods-BlissIOSTest-checkManifestLockResult.txt",
			);
			runOnlyForDeploymentPostprocessing = 0;
			shellPath = /bin/sh;
			shellScript = "diff \"${PODS_PODFILE_DIR_PATH}/Podfile.lock\" \"${PODS_ROOT}/Manifest.lock\" > /dev/null\nif [ $? != 0 ] ; then\n    # print error to STDERR\n    echo \"error: The sandbox is not in sync with the Podfile.lock. Run 'pod install' or update your CocoaPods installation.\" >&2\n    exit 1\nfi\n# This output is used by Xcode 'outputs' to avoid re-running this script phase.\necho \"SUCCESS\" > \"${SCRIPT_OUTPUT_FILE_0}\"\n";
			showEnvVarsInLog = 0;
		};
/* End PBXShellScriptBuildPhase section */

/* Begin PBXSourcesBuildPhase section */
		8B4B5EB221C32095004C162D /* Sources */ = {
			isa = PBXSourcesBuildPhase;
			buildActionMask = 2147483647;
			files = (
				8B3703CA21C424370049E00E /* Question.swift in Sources */,
				8B885A7721C49E0B00323F19 /* UIImageView.swift in Sources */,
				8B392B9421C467CD00890616 /* QuestionHttpService.swift in Sources */,
				8B392B9B21C46AE400890616 /* QuestionListViewController.swift in Sources */,
				8BD9EC8821C45A0D00C40D1B /* ListTableViewCell.swift in Sources */,
				8B3703D021C4282E0049E00E /* BasicViewController.swift in Sources */,
				8B3703CE21C425630049E00E /* Choice.swift in Sources */,
				8B885A6F21C48A9B00323F19 /* String.swift in Sources */,
				8BA92D9521C457B40053FA27 /* StyleKit.swift in Sources */,
				8BD9EC7E21C442A500C40D1B /* Config.swift in Sources */,
				8B3703D421C431F80049E00E /* HttpResponse.swift in Sources */,
				8BD9EC7621C4418B00C40D1B /* ServerHealthHttpServiceProtocol.swift in Sources */,
				8B392B9221C4672F00890616 /* QuestionManager.swift in Sources */,
				8BD9EC7421C43AAC00C40D1B /* HttpServiceProtocol.swift in Sources */,
				8B885A7521C49CDD00323F19 /* DetailViewController.swift in Sources */,
				8B885A6D21C4824600323F19 /* ShareViewController.swift in Sources */,
				8BD9EC8221C4475F00C40D1B /* MainViewController.swift in Sources */,
				8BD9EC7221C43A7A00C40D1B /* AlamofireHttpService.swift in Sources */,
				8B392B8F21C466DF00890616 /* QuestionHttpServiceProtocol.swift in Sources */,
				8B3703CC21C4245D0049E00E /* EntityProtocol.swift in Sources */,
				8BD9EC7B21C4420800C40D1B /* ServerHealthManager.swift in Sources */,
				8B392B8D21C4656700890616 /* QuestionManagerProtocol.swift in Sources */,
				8B392B9721C468C800890616 /* Url.swift in Sources */,
				8B4B5EBA21C32095004C162D /* AppDelegate.swift in Sources */,
				8BD9EC7921C441F900C40D1B /* ServerHealthHttpService.swift in Sources */,
				8B3703D221C4318A0049E00E /* ServerHealthManagerProtocol.swift in Sources */,
				8B885A7921C4B45400323F19 /* NoConnectionViewController.swift in Sources */,
				8B885A7221C49A6900323F19 /* ChoiceTableViewCell.swift in Sources */,
			);
			runOnlyForDeploymentPostprocessing = 0;
		};
/* End PBXSourcesBuildPhase section */

/* Begin PBXVariantGroup section */
		8B4B5EC221C32095004C162D /* LaunchScreen.storyboard */ = {
			isa = PBXVariantGroup;
			children = (
				8B4B5EC321C32095004C162D /* Base */,
			);
			name = LaunchScreen.storyboard;
			sourceTree = "<group>";
		};
/* End PBXVariantGroup section */

/* Begin XCBuildConfiguration section */
		8B4B5EC621C32095004C162D /* Debug */ = {
			isa = XCBuildConfiguration;
			buildSettings = {
				ALWAYS_SEARCH_USER_PATHS = NO;
				CLANG_ANALYZER_NONNULL = YES;
				CLANG_ANALYZER_NUMBER_OBJECT_CONVERSION = YES_AGGRESSIVE;
				CLANG_CXX_LANGUAGE_STANDARD = "gnu++0x";
				CLANG_CXX_LIBRARY = "libc++";
				CLANG_ENABLE_MODULES = YES;
				CLANG_ENABLE_OBJC_ARC = YES;
				CLANG_WARN_BOOL_CONVERSION = YES;
				CLANG_WARN_CONSTANT_CONVERSION = YES;
				CLANG_WARN_DIRECT_OBJC_ISA_USAGE = YES_ERROR;
				CLANG_WARN_DOCUMENTATION_COMMENTS = YES;
				CLANG_WARN_EMPTY_BODY = YES;
				CLANG_WARN_ENUM_CONVERSION = YES;
				CLANG_WARN_INFINITE_RECURSION = YES;
				CLANG_WARN_INT_CONVERSION = YES;
				CLANG_WARN_OBJC_ROOT_CLASS = YES_ERROR;
				CLANG_WARN_SUSPICIOUS_MOVE = YES;
				CLANG_WARN_UNREACHABLE_CODE = YES;
				CLANG_WARN__DUPLICATE_METHOD_MATCH = YES;
				"CODE_SIGN_IDENTITY[sdk=iphoneos*]" = "iPhone Developer";
				COPY_PHASE_STRIP = NO;
				DEBUG_INFORMATION_FORMAT = dwarf;
				ENABLE_STRICT_OBJC_MSGSEND = YES;
				ENABLE_TESTABILITY = YES;
				GCC_C_LANGUAGE_STANDARD = gnu99;
				GCC_DYNAMIC_NO_PIC = NO;
				GCC_NO_COMMON_BLOCKS = YES;
				GCC_OPTIMIZATION_LEVEL = 0;
				GCC_PREPROCESSOR_DEFINITIONS = (
					"DEBUG=1",
					"$(inherited)",
				);
				GCC_WARN_64_TO_32_BIT_CONVERSION = YES;
				GCC_WARN_ABOUT_RETURN_TYPE = YES_ERROR;
				GCC_WARN_UNDECLARED_SELECTOR = YES;
				GCC_WARN_UNINITIALIZED_AUTOS = YES_AGGRESSIVE;
				GCC_WARN_UNUSED_FUNCTION = YES;
				GCC_WARN_UNUSED_VARIABLE = YES;
				IPHONEOS_DEPLOYMENT_TARGET = 10.3;
				MTL_ENABLE_DEBUG_INFO = YES;
				ONLY_ACTIVE_ARCH = YES;
				SDKROOT = iphoneos;
				SWIFT_ACTIVE_COMPILATION_CONDITIONS = DEBUG;
				SWIFT_OPTIMIZATION_LEVEL = "-Onone";
				TARGETED_DEVICE_FAMILY = "1,2";
			};
			name = Debug;
		};
		8B4B5EC721C32095004C162D /* Release */ = {
			isa = XCBuildConfiguration;
			buildSettings = {
				ALWAYS_SEARCH_USER_PATHS = NO;
				CLANG_ANALYZER_NONNULL = YES;
				CLANG_ANALYZER_NUMBER_OBJECT_CONVERSION = YES_AGGRESSIVE;
				CLANG_CXX_LANGUAGE_STANDARD = "gnu++0x";
				CLANG_CXX_LIBRARY = "libc++";
				CLANG_ENABLE_MODULES = YES;
				CLANG_ENABLE_OBJC_ARC = YES;
				CLANG_WARN_BOOL_CONVERSION = YES;
				CLANG_WARN_CONSTANT_CONVERSION = YES;
				CLANG_WARN_DIRECT_OBJC_ISA_USAGE = YES_ERROR;
				CLANG_WARN_DOCUMENTATION_COMMENTS = YES;
				CLANG_WARN_EMPTY_BODY = YES;
				CLANG_WARN_ENUM_CONVERSION = YES;
				CLANG_WARN_INFINITE_RECURSION = YES;
				CLANG_WARN_INT_CONVERSION = YES;
				CLANG_WARN_OBJC_ROOT_CLASS = YES_ERROR;
				CLANG_WARN_SUSPICIOUS_MOVE = YES;
				CLANG_WARN_UNREACHABLE_CODE = YES;
				CLANG_WARN__DUPLICATE_METHOD_MATCH = YES;
				"CODE_SIGN_IDENTITY[sdk=iphoneos*]" = "iPhone Developer";
				COPY_PHASE_STRIP = NO;
				DEBUG_INFORMATION_FORMAT = "dwarf-with-dsym";
				ENABLE_NS_ASSERTIONS = NO;
				ENABLE_STRICT_OBJC_MSGSEND = YES;
				GCC_C_LANGUAGE_STANDARD = gnu99;
				GCC_NO_COMMON_BLOCKS = YES;
				GCC_WARN_64_TO_32_BIT_CONVERSION = YES;
				GCC_WARN_ABOUT_RETURN_TYPE = YES_ERROR;
				GCC_WARN_UNDECLARED_SELECTOR = YES;
				GCC_WARN_UNINITIALIZED_AUTOS = YES_AGGRESSIVE;
				GCC_WARN_UNUSED_FUNCTION = YES;
				GCC_WARN_UNUSED_VARIABLE = YES;
				IPHONEOS_DEPLOYMENT_TARGET = 10.3;
				MTL_ENABLE_DEBUG_INFO = NO;
				SDKROOT = iphoneos;
				SWIFT_OPTIMIZATION_LEVEL = "-Owholemodule";
				TARGETED_DEVICE_FAMILY = "1,2";
				VALIDATE_PRODUCT = YES;
			};
			name = Release;
		};
		8B4B5EC921C32095004C162D /* Debug */ = {
			isa = XCBuildConfiguration;
			baseConfigurationReference = B91B54E204B0E8D1B769F3F2 /* Pods-BlissIOSTest.debug.xcconfig */;
			buildSettings = {
				ASSETCATALOG_COMPILER_APPICON_NAME = AppIcon;
				DEVELOPMENT_TEAM = ACAL9X82J5;
				INFOPLIST_FILE = BlissIOSTest/Info.plist;
				IPHONEOS_DEPLOYMENT_TARGET = 10.1;
				LD_RUNPATH_SEARCH_PATHS = "$(inherited) @executable_path/Frameworks";
				PRODUCT_BUNDLE_IDENTIFIER = pt.jorgeandrade.BlissIOSTest;
				PRODUCT_NAME = "$(TARGET_NAME)";
				SWIFT_VERSION = 3.0;
			};
			name = Debug;
		};
		8B4B5ECA21C32095004C162D /* Release */ = {
			isa = XCBuildConfiguration;
			baseConfigurationReference = 31E7C5D7CC8EA0D7B2BA2029 /* Pods-BlissIOSTest.release.xcconfig */;
			buildSettings = {
				ASSETCATALOG_COMPILER_APPICON_NAME = AppIcon;
				DEVELOPMENT_TEAM = ACAL9X82J5;
				INFOPLIST_FILE = BlissIOSTest/Info.plist;
				IPHONEOS_DEPLOYMENT_TARGET = 10.1;
				LD_RUNPATH_SEARCH_PATHS = "$(inherited) @executable_path/Frameworks";
				PRODUCT_BUNDLE_IDENTIFIER = pt.jorgeandrade.BlissIOSTest;
				PRODUCT_NAME = "$(TARGET_NAME)";
				SWIFT_VERSION = 3.0;
			};
			name = Release;
		};
/* End XCBuildConfiguration section */

/* Begin XCConfigurationList section */
		8B4B5EB121C32094004C162D /* Build configuration list for PBXProject "BlissIOSTest" */ = {
			isa = XCConfigurationList;
			buildConfigurations = (
				8B4B5EC621C32095004C162D /* Debug */,
				8B4B5EC721C32095004C162D /* Release */,
			);
			defaultConfigurationIsVisible = 0;
			defaultConfigurationName = Release;
		};
		8B4B5EC821C32095004C162D /* Build configuration list for PBXNativeTarget "BlissIOSTest" */ = {
			isa = XCConfigurationList;
			buildConfigurations = (
				8B4B5EC921C32095004C162D /* Debug */,
				8B4B5ECA21C32095004C162D /* Release */,
			);
			defaultConfigurationIsVisible = 0;
			defaultConfigurationName = Release;
		};
/* End XCConfigurationList section */
	};
	rootObject = 8B4B5EAE21C32094004C162D /* Project object */;
}
